
Microsoft Visual Studio Solution File, Format Version 12.00
# Visual Studio Version 17
VisualStudioVersion = 17.14.36915.13
MinimumVisualStudioVersion = 10.0.40219.1
Project("{FAE04EC0-301F-11D3-BF4B-00C04F79EFBC}") = "SortListUsingRecursion", "SortListUsingRecursion\SortListUsingRecursion.csproj", "{FE8AC313-D579-462E-AC07-BBF371829C93}"
EndProject
Project("{FAE04EC0-301F-11D3-BF4B-00C04F79EFBC}") = "SortStackUsingRecursion", "SortStackUsingRecursion\SortStackUsingRecursion.csproj", "{534395F8-3D51-40AF-9F46-9994BC487C65}"
EndProject
Project("{FAE04EC0-301F-11D3-BF4B-00C04F79EFBC}") = "BinarySearchUsingRecursion", "BinarySearchUsingRecursion\BinarySearchUsingRecursion.csproj", "{B0D40F2A-1451-4763-80DD-5B16B7611747}"
EndProject
Project("{2150E333-8FDC-42A3-9474-1A3956D46DE8}") = "Recursion", "Recursion", "{02EA681E-C7D8-13C7-8484-4AC65E1B71E8}"
EndProject
Project("{FAE04EC0-301F-11D3-BF4B-00C04F79EFBC}") = "SumOfNValueUsingRecursion", "SumOfNValueUsingRecursion\SumOfNValueUsingRecursion.csproj", "{1D53C71F-332A-3E40-C7DE-A27106503251}"
EndProject
Project("{FAE04EC0-301F-11D3-BF4B-00C04F79EFBC}") = "DeleteStackMiddleValueUsingRecursion", "DeleteStackMiddleValueUsingRecursion\DeleteStackMiddleValueUsingRecursion.csproj", "{C27543C8-DEB8-4FA0-8397-A2450F452BC9}"
EndProject
Project("{FAE04EC0-301F-11D3-BF4B-00C04F79EFBC}") = "DeleteDuplicateValueFromListUsingRecursion", "DeleteDuplicateValueFromListUsingRecursion\DeleteDuplicateValueFromListUsingRecursion.csproj", "{64B1E213-CD17-5B4D-3675-740AB7FE1650}"
EndProject
Project("{FAE04EC0-301F-11D3-BF4B-00C04F79EFBC}") = "DeleteFirstOccurrenceValueFromListUsingRecursion", "DeleteFirstOccurrenceValueFromListUsingRecursion\DeleteFirstOccurrenceValueFromListUsingRecursion.csproj", "{2E0A222E-D964-473C-834B-E4311F1B9396}"
EndProject
Project("{FAE04EC0-301F-11D3-BF4B-00C04F79EFBC}") = "ReverseStackUsingRecursion", "ReverseStackUsingRecursion\ReverseStackUsingRecursion.csproj", "{28635C09-8CC9-4FB0-B6E7-CE5074CBBECC}"
EndProject
Project("{FAE04EC0-301F-11D3-BF4B-00C04F79EFBC}") = "FindKthSymbolInGrammarUsingRecursion", "FindKthSymbolInGrammarUsingRecursion\FindKthSymbolInGrammarUsingRecursion.csproj", "{A637C080-52E7-4822-A152-9785769D0281}"
EndProject
Project("{FAE04EC0-301F-11D3-BF4B-00C04F79EFBC}") = "SubsetsOfStringsUsingRecursion", "SubsetsOfStringsUsingRecursion\SubsetsOfStringsUsingRecursion.csproj", "{C6473814-066B-46E7-A5BF-C0E3F65DE9B5}"
EndProject
Project("{FAE04EC0-301F-11D3-BF4B-00C04F79EFBC}") = "UniqueSubsetsOfStringUsingRecursion", "UniqueSubsetsOfStringUsingRecursion\UniqueSubsetsOfStringUsingRecursion.csproj", "{5E8EECA5-6A56-4DCA-AD74-23351FF9BF76}"
EndProject
Project("{FAE04EC0-301F-11D3-BF4B-00C04F79EFBC}") = "PermutationWithSpaceUsingRecursion", "PermutationWithSpaceUsingRecursion\PermutationWithSpaceUsingRecursion.csproj", "{9990CBDA-28A9-48F2-89F1-0A87205A3397}"
EndProject
Project("{FAE04EC0-301F-11D3-BF4B-00C04F79EFBC}") = "PermutationWithCaseChangeUsingRecursion", "PermutationWithCaseChangeUsingRecursion\PermutationWithCaseChangeUsingRecursion.csproj", "{E96F26B4-AA3C-4D4F-B74D-C01DCE91468A}"
EndProject
Global
	GlobalSection(SolutionConfigurationPlatforms) = preSolution
		Debug|Any CPU = Debug|Any CPU
		Release|Any CPU = Release|Any CPU
	EndGlobalSection
	GlobalSection(ProjectConfigurationPlatforms) = postSolution
		{FE8AC313-D579-462E-AC07-BBF371829C93}.Debug|Any CPU.ActiveCfg = Debug|Any CPU
		{FE8AC313-D579-462E-AC07-BBF371829C93}.Debug|Any CPU.Build.0 = Debug|Any CPU
		{FE8AC313-D579-462E-AC07-BBF371829C93}.Release|Any CPU.ActiveCfg = Release|Any CPU
		{FE8AC313-D579-462E-AC07-BBF371829C93}.Release|Any CPU.Build.0 = Release|Any CPU
		{534395F8-3D51-40AF-9F46-9994BC487C65}.Debug|Any CPU.ActiveCfg = Debug|Any CPU
		{534395F8-3D51-40AF-9F46-9994BC487C65}.Debug|Any CPU.Build.0 = Debug|Any CPU
		{534395F8-3D51-40AF-9F46-9994BC487C65}.Release|Any CPU.ActiveCfg = Release|Any CPU
		{534395F8-3D51-40AF-9F46-9994BC487C65}.Release|Any CPU.Build.0 = Release|Any CPU
		{B0D40F2A-1451-4763-80DD-5B16B7611747}.Debug|Any CPU.ActiveCfg = Debug|Any CPU
		{B0D40F2A-1451-4763-80DD-5B16B7611747}.Debug|Any CPU.Build.0 = Debug|Any CPU
		{B0D40F2A-1451-4763-80DD-5B16B7611747}.Release|Any CPU.ActiveCfg = Release|Any CPU
		{B0D40F2A-1451-4763-80DD-5B16B7611747}.Release|Any CPU.Build.0 = Release|Any CPU
		{1D53C71F-332A-3E40-C7DE-A27106503251}.Debug|Any CPU.ActiveCfg = Debug|Any CPU
		{1D53C71F-332A-3E40-C7DE-A27106503251}.Debug|Any CPU.Build.0 = Debug|Any CPU
		{1D53C71F-332A-3E40-C7DE-A27106503251}.Release|Any CPU.ActiveCfg = Release|Any CPU
		{1D53C71F-332A-3E40-C7DE-A27106503251}.Release|Any CPU.Build.0 = Release|Any CPU
		{C27543C8-DEB8-4FA0-8397-A2450F452BC9}.Debug|Any CPU.ActiveCfg = Debug|Any CPU
		{C27543C8-DEB8-4FA0-8397-A2450F452BC9}.Debug|Any CPU.Build.0 = Debug|Any CPU
		{C27543C8-DEB8-4FA0-8397-A2450F452BC9}.Release|Any CPU.ActiveCfg = Release|Any CPU
		{C27543C8-DEB8-4FA0-8397-A2450F452BC9}.Release|Any CPU.Build.0 = Release|Any CPU
		{64B1E213-CD17-5B4D-3675-740AB7FE1650}.Debug|Any CPU.ActiveCfg = Debug|Any CPU
		{64B1E213-CD17-5B4D-3675-740AB7FE1650}.Debug|Any CPU.Build.0 = Debug|Any CPU
		{64B1E213-CD17-5B4D-3675-740AB7FE1650}.Release|Any CPU.ActiveCfg = Release|Any CPU
		{64B1E213-CD17-5B4D-3675-740AB7FE1650}.Release|Any CPU.Build.0 = Release|Any CPU
		{2E0A222E-D964-473C-834B-E4311F1B9396}.Debug|Any CPU.ActiveCfg = Debug|Any CPU
		{2E0A222E-D964-473C-834B-E4311F1B9396}.Debug|Any CPU.Build.0 = Debug|Any CPU
		{2E0A222E-D964-473C-834B-E4311F1B9396}.Release|Any CPU.ActiveCfg = Release|Any CPU
		{2E0A222E-D964-473C-834B-E4311F1B9396}.Release|Any CPU.Build.0 = Release|Any CPU
		{28635C09-8CC9-4FB0-B6E7-CE5074CBBECC}.Debug|Any CPU.ActiveCfg = Debug|Any CPU
		{28635C09-8CC9-4FB0-B6E7-CE5074CBBECC}.Debug|Any CPU.Build.0 = Debug|Any CPU
		{28635C09-8CC9-4FB0-B6E7-CE5074CBBECC}.Release|Any CPU.ActiveCfg = Release|Any CPU
		{28635C09-8CC9-4FB0-B6E7-CE5074CBBECC}.Release|Any CPU.Build.0 = Release|Any CPU
		{A637C080-52E7-4822-A152-9785769D0281}.Debug|Any CPU.ActiveCfg = Debug|Any CPU
		{A637C080-52E7-4822-A152-9785769D0281}.Debug|Any CPU.Build.0 = Debug|Any CPU
		{A637C080-52E7-4822-A152-9785769D0281}.Release|Any CPU.ActiveCfg = Release|Any CPU
		{A637C080-52E7-4822-A152-9785769D0281}.Release|Any CPU.Build.0 = Release|Any CPU
		{C6473814-066B-46E7-A5BF-C0E3F65DE9B5}.Debug|Any CPU.ActiveCfg = Debug|Any CPU
		{C6473814-066B-46E7-A5BF-C0E3F65DE9B5}.Debug|Any CPU.Build.0 = Debug|Any CPU
		{C6473814-066B-46E7-A5BF-C0E3F65DE9B5}.Release|Any CPU.ActiveCfg = Release|Any CPU
		{C6473814-066B-46E7-A5BF-C0E3F65DE9B5}.Release|Any CPU.Build.0 = Release|Any CPU
		{5E8EECA5-6A56-4DCA-AD74-23351FF9BF76}.Debug|Any CPU.ActiveCfg = Debug|Any CPU
		{5E8EECA5-6A56-4DCA-AD74-23351FF9BF76}.Debug|Any CPU.Build.0 = Debug|Any CPU
		{5E8EECA5-6A56-4DCA-AD74-23351FF9BF76}.Release|Any CPU.ActiveCfg = Release|Any CPU
		{5E8EECA5-6A56-4DCA-AD74-23351FF9BF76}.Release|Any CPU.Build.0 = Release|Any CPU
		{9990CBDA-28A9-48F2-89F1-0A87205A3397}.Debug|Any CPU.ActiveCfg = Debug|Any CPU
		{9990CBDA-28A9-48F2-89F1-0A87205A3397}.Debug|Any CPU.Build.0 = Debug|Any CPU
		{9990CBDA-28A9-48F2-89F1-0A87205A3397}.Release|Any CPU.ActiveCfg = Release|Any CPU
		{9990CBDA-28A9-48F2-89F1-0A87205A3397}.Release|Any CPU.Build.0 = Release|Any CPU
		{E96F26B4-AA3C-4D4F-B74D-C01DCE91468A}.Debug|Any CPU.ActiveCfg = Debug|Any CPU
		{E96F26B4-AA3C-4D4F-B74D-C01DCE91468A}.Debug|Any CPU.Build.0 = Debug|Any CPU
		{E96F26B4-AA3C-4D4F-B74D-C01DCE91468A}.Release|Any CPU.ActiveCfg = Release|Any CPU
		{E96F26B4-AA3C-4D4F-B74D-C01DCE91468A}.Release|Any CPU.Build.0 = Release|Any CPU
	EndGlobalSection
	GlobalSection(SolutionProperties) = preSolution
		HideSolutionNode = FALSE
	EndGlobalSection
	GlobalSection(NestedProjects) = preSolution
		{FE8AC313-D579-462E-AC07-BBF371829C93} = {02EA681E-C7D8-13C7-8484-4AC65E1B71E8}
		{534395F8-3D51-40AF-9F46-9994BC487C65} = {02EA681E-C7D8-13C7-8484-4AC65E1B71E8}
		{B0D40F2A-1451-4763-80DD-5B16B7611747} = {02EA681E-C7D8-13C7-8484-4AC65E1B71E8}
		{1D53C71F-332A-3E40-C7DE-A27106503251} = {02EA681E-C7D8-13C7-8484-4AC65E1B71E8}
		{C27543C8-DEB8-4FA0-8397-A2450F452BC9} = {02EA681E-C7D8-13C7-8484-4AC65E1B71E8}
		{64B1E213-CD17-5B4D-3675-740AB7FE1650} = {02EA681E-C7D8-13C7-8484-4AC65E1B71E8}
		{2E0A222E-D964-473C-834B-E4311F1B9396} = {02EA681E-C7D8-13C7-8484-4AC65E1B71E8}
		{28635C09-8CC9-4FB0-B6E7-CE5074CBBECC} = {02EA681E-C7D8-13C7-8484-4AC65E1B71E8}
		{A637C080-52E7-4822-A152-9785769D0281} = {02EA681E-C7D8-13C7-8484-4AC65E1B71E8}
		{C6473814-066B-46E7-A5BF-C0E3F65DE9B5} = {02EA681E-C7D8-13C7-8484-4AC65E1B71E8}
		{5E8EECA5-6A56-4DCA-AD74-23351FF9BF76} = {02EA681E-C7D8-13C7-8484-4AC65E1B71E8}
		{9990CBDA-28A9-48F2-89F1-0A87205A3397} = {02EA681E-C7D8-13C7-8484-4AC65E1B71E8}
		{E96F26B4-AA3C-4D4F-B74D-C01DCE91468A} = {02EA681E-C7D8-13C7-8484-4AC65E1B71E8}
	EndGlobalSection
	GlobalSection(ExtensibilityGlobals) = postSolution
		SolutionGuid = {CEDE686D-ABA8-4E56-B360-E96463F502E5}
	EndGlobalSection
EndGlobal
