
Microsoft Visual Studio Solution File, Format Version 12.00
# Visual Studio Version 17
VisualStudioVersion = 17.14.36915.13
MinimumVisualStudioVersion = 10.0.40219.1
Project("{2150E333-8FDC-42A3-9474-1A3956D46DE8}") = "Recursion", "Recursion", "{02EA681E-C7D8-13C7-8484-4AC65E1B71E8}"
EndProject
Project("{2150E333-8FDC-42A3-9474-1A3956D46DE8}") = "Sliding Window", "Sliding Window", "{536D68FF-AEE8-431A-A0AD-CA356EF356F4}"
EndProject
Project("{2150E333-8FDC-42A3-9474-1A3956D46DE8}") = "Test", "Test", "{F655F39B-BA3C-487B-9253-5915C936D37E}"
EndProject
Project("{FAE04EC0-301F-11D3-BF4B-00C04F79EFBC}") = "Test", "Test\Test.csproj", "{9C57BDEC-6940-4685-8C87-91E4140A72E2}"
EndProject
Project("{FAE04EC0-301F-11D3-BF4B-00C04F79EFBC}") = "BinarySearchUsingRecursion", "Recursion\BinarySearchUsingRecursion\BinarySearchUsingRecursion.csproj", "{A1396A80-E0D3-C6B8-3E40-B96C759543E9}"
EndProject
Project("{FAE04EC0-301F-11D3-BF4B-00C04F79EFBC}") = "DeleteDuplicateValueFromListUsingRecursion", "Recursion\DeleteDuplicateValueFromListUsingRecursion\DeleteDuplicateValueFromListUsingRecursion.csproj", "{373C7406-5776-2ED9-A66D-626F39ED4D08}"
EndProject
Project("{FAE04EC0-301F-11D3-BF4B-00C04F79EFBC}") = "DeleteFirstOccurrenceValueFromListUsingRecursion", "Recursion\DeleteFirstOccurrenceValueFromListUsingRecursion\DeleteFirstOccurrenceValueFromListUsingRecursion.csproj", "{99035F80-E1D8-E365-C2AA-5AA6E41421FD}"
EndProject
Project("{FAE04EC0-301F-11D3-BF4B-00C04F79EFBC}") = "DeleteStackMiddleValueUsingRecursion", "Recursion\DeleteStackMiddleValueUsingRecursion\DeleteStackMiddleValueUsingRecursion.csproj", "{F358BCEA-9DA6-8E30-9A91-DC8634533602}"
EndProject
Project("{FAE04EC0-301F-11D3-BF4B-00C04F79EFBC}") = "FindKthSymbolInGrammarUsingRecursion", "Recursion\FindKthSymbolInGrammarUsingRecursion\FindKthSymbolInGrammarUsingRecursion.csproj", "{DF3F9BD3-C2EE-4972-26A7-A29FDB965BCB}"
EndProject
Project("{FAE04EC0-301F-11D3-BF4B-00C04F79EFBC}") = "GenerateAllBalancedParenthesesUsingRecursion", "Recursion\GenerateAllBalancedParenthesesUsingRecursion\GenerateAllBalancedParenthesesUsingRecursion.csproj", "{58F80B78-8382-F5F3-454C-AD53B9273635}"
EndProject
Project("{FAE04EC0-301F-11D3-BF4B-00C04F79EFBC}") = "HeightOfBinaryTreeUsingRecursion", "Recursion\HeightOfBinaryTreeUsingRecursion\HeightOfBinaryTreeUsingRecursion.csproj", "{F58091D9-5A05-CD06-3F4D-8F847D99D7A9}"
EndProject
Project("{FAE04EC0-301F-11D3-BF4B-00C04F79EFBC}") = "LetterCasePermutationUsingRecursion", "Recursion\LetterCasePermutationUsingRecursion\LetterCasePermutationUsingRecursion.csproj", "{07B8CF7F-8714-F33D-1AE5-8209FEE03CEF}"
EndProject
Project("{FAE04EC0-301F-11D3-BF4B-00C04F79EFBC}") = "PermutationWithCaseChangeUsingRecursion", "Recursion\PermutationWithCaseChangeUsingRecursion\PermutationWithCaseChangeUsingRecursion.csproj", "{88243367-C18A-D1B1-DB38-DEF8EDC322FF}"
EndProject
Project("{FAE04EC0-301F-11D3-BF4B-00C04F79EFBC}") = "PermutationWithSpaceUsingRecursion", "Recursion\PermutationWithSpaceUsingRecursion\PermutationWithSpaceUsingRecursion.csproj", "{471CE8CF-5BE5-682D-8026-D42C670F5BCB}"
EndProject
Project("{FAE04EC0-301F-11D3-BF4B-00C04F79EFBC}") = "ReverseStackUsingRecursion", "Recursion\ReverseStackUsingRecursion\ReverseStackUsingRecursion.csproj", "{66DBDECF-6173-2995-A587-F61B8A4643FF}"
EndProject
Project("{FAE04EC0-301F-11D3-BF4B-00C04F79EFBC}") = "SortListUsingRecursion", "Recursion\SortListUsingRecursion\SortListUsingRecursion.csproj", "{9046176B-1D91-13EF-FE72-A25937FE4728}"
EndProject
Project("{FAE04EC0-301F-11D3-BF4B-00C04F79EFBC}") = "SortStackUsingRecursion", "Recursion\SortStackUsingRecursion\SortStackUsingRecursion.csproj", "{08384E75-0FE2-FE77-23E3-02F69726B6F4}"
EndProject
Project("{FAE04EC0-301F-11D3-BF4B-00C04F79EFBC}") = "SubsetsOfStringsUsingRecursion", "Recursion\SubsetsOfStringsUsingRecursion\SubsetsOfStringsUsingRecursion.csproj", "{1CEE8CCF-2AEA-44F0-C61E-D71A2A27B582}"
EndProject
Project("{FAE04EC0-301F-11D3-BF4B-00C04F79EFBC}") = "SumOfNValueUsingRecursion", "Recursion\SumOfNValueUsingRecursion\SumOfNValueUsingRecursion.csproj", "{CB24A8CB-5F79-6A11-FFAA-DD8A5A2DE015}"
EndProject
Project("{FAE04EC0-301F-11D3-BF4B-00C04F79EFBC}") = "UniqueSubsetsOfStringUsingRecursion", "Recursion\UniqueSubsetsOfStringUsingRecursion\UniqueSubsetsOfStringUsingRecursion.csproj", "{F91E3338-181C-A5A3-F929-1E644E8153B8}"
EndProject
Project("{FAE04EC0-301F-11D3-BF4B-00C04F79EFBC}") = "ValidBinaryPrefixUsingRecursion", "Recursion\ValidBinaryPrefixUsingRecursion\ValidBinaryPrefixUsingRecursion.csproj", "{8AEAF15D-6B09-F93A-35FB-0D5E8AC27DBC}"
EndProject
Project("{FAE04EC0-301F-11D3-BF4B-00C04F79EFBC}") = "MaxSumOfSubArrayOfKthSize", "Sliding Window\MaxSumOfSubArrayOfKthSize\MaxSumOfSubArrayOfKthSize.csproj", "{68F57001-933E-EFDD-DE10-59941D886567}"
EndProject
Project("{FAE04EC0-301F-11D3-BF4B-00C04F79EFBC}") = "JosephusProblemUsingRecursion", "Recursion\JosephusProblemUsingRecursion\JosephusProblemUsingRecursion.csproj", "{E37E9645-0BF0-45B0-88E2-F688A6A336E4}"
EndProject
Global
	GlobalSection(SolutionConfigurationPlatforms) = preSolution
		Debug|Any CPU = Debug|Any CPU
		Release|Any CPU = Release|Any CPU
	EndGlobalSection
	GlobalSection(ProjectConfigurationPlatforms) = postSolution
		{9C57BDEC-6940-4685-8C87-91E4140A72E2}.Debug|Any CPU.ActiveCfg = Debug|Any CPU
		{9C57BDEC-6940-4685-8C87-91E4140A72E2}.Debug|Any CPU.Build.0 = Debug|Any CPU
		{9C57BDEC-6940-4685-8C87-91E4140A72E2}.Release|Any CPU.ActiveCfg = Release|Any CPU
		{9C57BDEC-6940-4685-8C87-91E4140A72E2}.Release|Any CPU.Build.0 = Release|Any CPU
		{A1396A80-E0D3-C6B8-3E40-B96C759543E9}.Debug|Any CPU.ActiveCfg = Debug|Any CPU
		{A1396A80-E0D3-C6B8-3E40-B96C759543E9}.Debug|Any CPU.Build.0 = Debug|Any CPU
		{A1396A80-E0D3-C6B8-3E40-B96C759543E9}.Release|Any CPU.ActiveCfg = Release|Any CPU
		{A1396A80-E0D3-C6B8-3E40-B96C759543E9}.Release|Any CPU.Build.0 = Release|Any CPU
		{373C7406-5776-2ED9-A66D-626F39ED4D08}.Debug|Any CPU.ActiveCfg = Debug|Any CPU
		{373C7406-5776-2ED9-A66D-626F39ED4D08}.Debug|Any CPU.Build.0 = Debug|Any CPU
		{373C7406-5776-2ED9-A66D-626F39ED4D08}.Release|Any CPU.ActiveCfg = Release|Any CPU
		{373C7406-5776-2ED9-A66D-626F39ED4D08}.Release|Any CPU.Build.0 = Release|Any CPU
		{99035F80-E1D8-E365-C2AA-5AA6E41421FD}.Debug|Any CPU.ActiveCfg = Debug|Any CPU
		{99035F80-E1D8-E365-C2AA-5AA6E41421FD}.Debug|Any CPU.Build.0 = Debug|Any CPU
		{99035F80-E1D8-E365-C2AA-5AA6E41421FD}.Release|Any CPU.ActiveCfg = Release|Any CPU
		{99035F80-E1D8-E365-C2AA-5AA6E41421FD}.Release|Any CPU.Build.0 = Release|Any CPU
		{F358BCEA-9DA6-8E30-9A91-DC8634533602}.Debug|Any CPU.ActiveCfg = Debug|Any CPU
		{F358BCEA-9DA6-8E30-9A91-DC8634533602}.Debug|Any CPU.Build.0 = Debug|Any CPU
		{F358BCEA-9DA6-8E30-9A91-DC8634533602}.Release|Any CPU.ActiveCfg = Release|Any CPU
		{F358BCEA-9DA6-8E30-9A91-DC8634533602}.Release|Any CPU.Build.0 = Release|Any CPU
		{DF3F9BD3-C2EE-4972-26A7-A29FDB965BCB}.Debug|Any CPU.ActiveCfg = Debug|Any CPU
		{DF3F9BD3-C2EE-4972-26A7-A29FDB965BCB}.Debug|Any CPU.Build.0 = Debug|Any CPU
		{DF3F9BD3-C2EE-4972-26A7-A29FDB965BCB}.Release|Any CPU.ActiveCfg = Release|Any CPU
		{DF3F9BD3-C2EE-4972-26A7-A29FDB965BCB}.Release|Any CPU.Build.0 = Release|Any CPU
		{58F80B78-8382-F5F3-454C-AD53B9273635}.Debug|Any CPU.ActiveCfg = Debug|Any CPU
		{58F80B78-8382-F5F3-454C-AD53B9273635}.Debug|Any CPU.Build.0 = Debug|Any CPU
		{58F80B78-8382-F5F3-454C-AD53B9273635}.Release|Any CPU.ActiveCfg = Release|Any CPU
		{58F80B78-8382-F5F3-454C-AD53B9273635}.Release|Any CPU.Build.0 = Release|Any CPU
		{F58091D9-5A05-CD06-3F4D-8F847D99D7A9}.Debug|Any CPU.ActiveCfg = Debug|Any CPU
		{F58091D9-5A05-CD06-3F4D-8F847D99D7A9}.Debug|Any CPU.Build.0 = Debug|Any CPU
		{F58091D9-5A05-CD06-3F4D-8F847D99D7A9}.Release|Any CPU.ActiveCfg = Release|Any CPU
		{F58091D9-5A05-CD06-3F4D-8F847D99D7A9}.Release|Any CPU.Build.0 = Release|Any CPU
		{07B8CF7F-8714-F33D-1AE5-8209FEE03CEF}.Debug|Any CPU.ActiveCfg = Debug|Any CPU
		{07B8CF7F-8714-F33D-1AE5-8209FEE03CEF}.Debug|Any CPU.Build.0 = Debug|Any CPU
		{07B8CF7F-8714-F33D-1AE5-8209FEE03CEF}.Release|Any CPU.ActiveCfg = Release|Any CPU
		{07B8CF7F-8714-F33D-1AE5-8209FEE03CEF}.Release|Any CPU.Build.0 = Release|Any CPU
		{88243367-C18A-D1B1-DB38-DEF8EDC322FF}.Debug|Any CPU.ActiveCfg = Debug|Any CPU
		{88243367-C18A-D1B1-DB38-DEF8EDC322FF}.Debug|Any CPU.Build.0 = Debug|Any CPU
		{88243367-C18A-D1B1-DB38-DEF8EDC322FF}.Release|Any CPU.ActiveCfg = Release|Any CPU
		{88243367-C18A-D1B1-DB38-DEF8EDC322FF}.Release|Any CPU.Build.0 = Release|Any CPU
		{471CE8CF-5BE5-682D-8026-D42C670F5BCB}.Debug|Any CPU.ActiveCfg = Debug|Any CPU
		{471CE8CF-5BE5-682D-8026-D42C670F5BCB}.Debug|Any CPU.Build.0 = Debug|Any CPU
		{471CE8CF-5BE5-682D-8026-D42C670F5BCB}.Release|Any CPU.ActiveCfg = Release|Any CPU
		{471CE8CF-5BE5-682D-8026-D42C670F5BCB}.Release|Any CPU.Build.0 = Release|Any CPU
		{66DBDECF-6173-2995-A587-F61B8A4643FF}.Debug|Any CPU.ActiveCfg = Debug|Any CPU
		{66DBDECF-6173-2995-A587-F61B8A4643FF}.Debug|Any CPU.Build.0 = Debug|Any CPU
		{66DBDECF-6173-2995-A587-F61B8A4643FF}.Release|Any CPU.ActiveCfg = Release|Any CPU
		{66DBDECF-6173-2995-A587-F61B8A4643FF}.Release|Any CPU.Build.0 = Release|Any CPU
		{9046176B-1D91-13EF-FE72-A25937FE4728}.Debug|Any CPU.ActiveCfg = Debug|Any CPU
		{9046176B-1D91-13EF-FE72-A25937FE4728}.Debug|Any CPU.Build.0 = Debug|Any CPU
		{9046176B-1D91-13EF-FE72-A25937FE4728}.Release|Any CPU.ActiveCfg = Release|Any CPU
		{9046176B-1D91-13EF-FE72-A25937FE4728}.Release|Any CPU.Build.0 = Release|Any CPU
		{08384E75-0FE2-FE77-23E3-02F69726B6F4}.Debug|Any CPU.ActiveCfg = Debug|Any CPU
		{08384E75-0FE2-FE77-23E3-02F69726B6F4}.Debug|Any CPU.Build.0 = Debug|Any CPU
		{08384E75-0FE2-FE77-23E3-02F69726B6F4}.Release|Any CPU.ActiveCfg = Release|Any CPU
		{08384E75-0FE2-FE77-23E3-02F69726B6F4}.Release|Any CPU.Build.0 = Release|Any CPU
		{1CEE8CCF-2AEA-44F0-C61E-D71A2A27B582}.Debug|Any CPU.ActiveCfg = Debug|Any CPU
		{1CEE8CCF-2AEA-44F0-C61E-D71A2A27B582}.Debug|Any CPU.Build.0 = Debug|Any CPU
		{1CEE8CCF-2AEA-44F0-C61E-D71A2A27B582}.Release|Any CPU.ActiveCfg = Release|Any CPU
		{1CEE8CCF-2AEA-44F0-C61E-D71A2A27B582}.Release|Any CPU.Build.0 = Release|Any CPU
		{CB24A8CB-5F79-6A11-FFAA-DD8A5A2DE015}.Debug|Any CPU.ActiveCfg = Debug|Any CPU
		{CB24A8CB-5F79-6A11-FFAA-DD8A5A2DE015}.Debug|Any CPU.Build.0 = Debug|Any CPU
		{CB24A8CB-5F79-6A11-FFAA-DD8A5A2DE015}.Release|Any CPU.ActiveCfg = Release|Any CPU
		{CB24A8CB-5F79-6A11-FFAA-DD8A5A2DE015}.Release|Any CPU.Build.0 = Release|Any CPU
		{F91E3338-181C-A5A3-F929-1E644E8153B8}.Debug|Any CPU.ActiveCfg = Debug|Any CPU
		{F91E3338-181C-A5A3-F929-1E644E8153B8}.Debug|Any CPU.Build.0 = Debug|Any CPU
		{F91E3338-181C-A5A3-F929-1E644E8153B8}.Release|Any CPU.ActiveCfg = Release|Any CPU
		{F91E3338-181C-A5A3-F929-1E644E8153B8}.Release|Any CPU.Build.0 = Release|Any CPU
		{8AEAF15D-6B09-F93A-35FB-0D5E8AC27DBC}.Debug|Any CPU.ActiveCfg = Debug|Any CPU
		{8AEAF15D-6B09-F93A-35FB-0D5E8AC27DBC}.Debug|Any CPU.Build.0 = Debug|Any CPU
		{8AEAF15D-6B09-F93A-35FB-0D5E8AC27DBC}.Release|Any CPU.ActiveCfg = Release|Any CPU
		{8AEAF15D-6B09-F93A-35FB-0D5E8AC27DBC}.Release|Any CPU.Build.0 = Release|Any CPU
		{68F57001-933E-EFDD-DE10-59941D886567}.Debug|Any CPU.ActiveCfg = Debug|Any CPU
		{68F57001-933E-EFDD-DE10-59941D886567}.Debug|Any CPU.Build.0 = Debug|Any CPU
		{68F57001-933E-EFDD-DE10-59941D886567}.Release|Any CPU.ActiveCfg = Release|Any CPU
		{68F57001-933E-EFDD-DE10-59941D886567}.Release|Any CPU.Build.0 = Release|Any CPU
		{E37E9645-0BF0-45B0-88E2-F688A6A336E4}.Debug|Any CPU.ActiveCfg = Debug|Any CPU
		{E37E9645-0BF0-45B0-88E2-F688A6A336E4}.Debug|Any CPU.Build.0 = Debug|Any CPU
		{E37E9645-0BF0-45B0-88E2-F688A6A336E4}.Release|Any CPU.ActiveCfg = Release|Any CPU
		{E37E9645-0BF0-45B0-88E2-F688A6A336E4}.Release|Any CPU.Build.0 = Release|Any CPU
	EndGlobalSection
	GlobalSection(SolutionProperties) = preSolution
		HideSolutionNode = FALSE
	EndGlobalSection
	GlobalSection(NestedProjects) = preSolution
		{9C57BDEC-6940-4685-8C87-91E4140A72E2} = {F655F39B-BA3C-487B-9253-5915C936D37E}
		{A1396A80-E0D3-C6B8-3E40-B96C759543E9} = {02EA681E-C7D8-13C7-8484-4AC65E1B71E8}
		{373C7406-5776-2ED9-A66D-626F39ED4D08} = {02EA681E-C7D8-13C7-8484-4AC65E1B71E8}
		{99035F80-E1D8-E365-C2AA-5AA6E41421FD} = {02EA681E-C7D8-13C7-8484-4AC65E1B71E8}
		{F358BCEA-9DA6-8E30-9A91-DC8634533602} = {02EA681E-C7D8-13C7-8484-4AC65E1B71E8}
		{DF3F9BD3-C2EE-4972-26A7-A29FDB965BCB} = {02EA681E-C7D8-13C7-8484-4AC65E1B71E8}
		{58F80B78-8382-F5F3-454C-AD53B9273635} = {02EA681E-C7D8-13C7-8484-4AC65E1B71E8}
		{F58091D9-5A05-CD06-3F4D-8F847D99D7A9} = {02EA681E-C7D8-13C7-8484-4AC65E1B71E8}
		{07B8CF7F-8714-F33D-1AE5-8209FEE03CEF} = {02EA681E-C7D8-13C7-8484-4AC65E1B71E8}
		{88243367-C18A-D1B1-DB38-DEF8EDC322FF} = {02EA681E-C7D8-13C7-8484-4AC65E1B71E8}
		{471CE8CF-5BE5-682D-8026-D42C670F5BCB} = {02EA681E-C7D8-13C7-8484-4AC65E1B71E8}
		{66DBDECF-6173-2995-A587-F61B8A4643FF} = {02EA681E-C7D8-13C7-8484-4AC65E1B71E8}
		{9046176B-1D91-13EF-FE72-A25937FE4728} = {02EA681E-C7D8-13C7-8484-4AC65E1B71E8}
		{08384E75-0FE2-FE77-23E3-02F69726B6F4} = {02EA681E-C7D8-13C7-8484-4AC65E1B71E8}
		{1CEE8CCF-2AEA-44F0-C61E-D71A2A27B582} = {02EA681E-C7D8-13C7-8484-4AC65E1B71E8}
		{CB24A8CB-5F79-6A11-FFAA-DD8A5A2DE015} = {02EA681E-C7D8-13C7-8484-4AC65E1B71E8}
		{F91E3338-181C-A5A3-F929-1E644E8153B8} = {02EA681E-C7D8-13C7-8484-4AC65E1B71E8}
		{8AEAF15D-6B09-F93A-35FB-0D5E8AC27DBC} = {02EA681E-C7D8-13C7-8484-4AC65E1B71E8}
		{68F57001-933E-EFDD-DE10-59941D886567} = {536D68FF-AEE8-431A-A0AD-CA356EF356F4}
		{E37E9645-0BF0-45B0-88E2-F688A6A336E4} = {02EA681E-C7D8-13C7-8484-4AC65E1B71E8}
	EndGlobalSection
	GlobalSection(ExtensibilityGlobals) = postSolution
		SolutionGuid = {CEDE686D-ABA8-4E56-B360-E96463F502E5}
	EndGlobalSection
EndGlobal
